
Microsoft Visual Studio Solution File, Format Version 12.00
# Visual Studio Version 16
VisualStudioVersion = 16.0.31105.61
MinimumVisualStudioVersion = 10.0.40219.1
Project("{FAE04EC0-301F-11D3-BF4B-00C04F79EFBC}") = "ChemTools", "ChemTools\ChemTools.csproj", "{6DB63903-58E0-45B2-964B-727A1A5CC66B}"
EndProject
Global
	GlobalSection(SolutionConfigurationPlatforms) = preSolution
		Debug|Any CPU = Debug|Any CPU
		Release|Any CPU = Release|Any CPU
	EndGlobalSection
	GlobalSection(ProjectConfigurationPlatforms) = postSolution
		{6DB63903-58E0-45B2-964B-727A1A5CC66B}.Debug|Any CPU.ActiveCfg = Debug|Any CPU
		{6DB63903-58E0-45B2-964B-727A1A5CC66B}.Debug|Any CPU.Build.0 = Debug|Any CPU
		{6DB63903-58E0-45B2-964B-727A1A5CC66B}.Release|Any CPU.ActiveCfg = Release|Any CPU
		{6DB63903-58E0-45B2-964B-727A1A5CC66B}.Release|Any CPU.Build.0 = Release|Any CPU
	EndGlobalSection
	GlobalSection(SolutionProperties) = preSolution
		HideSolutionNode = FALSE
	EndGlobalSection
	GlobalSection(ExtensibilityGlobals) = postSolution
		SolutionGuid = {9971C35F-D937-4CD3-9F06-CC800FBCE6B4}
	EndGlobalSection
EndGlobal
